
Microsoft Visual Studio Solution File, Format Version 12.00
# Visual Studio Version 17
VisualStudioVersion = 17.0.31825.309
MinimumVisualStudioVersion = 10.0.40219.1
Project("{FAE04EC0-301F-11D3-BF4B-00C04F79EFBC}") = "SimpleHashing", "SimpleHashing\SimpleHashing.csproj", "{021FC64C-019E-4C97-B976-F5976748905D}"
EndProject
Global
	GlobalSection(SolutionConfigurationPlatforms) = preSolution
		Debug|Any CPU = Debug|Any CPU
		Release|Any CPU = Release|Any CPU
	EndGlobalSection
	GlobalSection(ProjectConfigurationPlatforms) = postSolution
		{021FC64C-019E-4C97-B976-F5976748905D}.Debug|Any CPU.ActiveCfg = Debug|Any CPU
		{021FC64C-019E-4C97-B976-F5976748905D}.Debug|Any CPU.Build.0 = Debug|Any CPU
		{021FC64C-019E-4C97-B976-F5976748905D}.Release|Any CPU.ActiveCfg = Release|Any CPU
		{021FC64C-019E-4C97-B976-F5976748905D}.Release|Any CPU.Build.0 = Release|Any CPU
	EndGlobalSection
	GlobalSection(SolutionProperties) = preSolution
		HideSolutionNode = FALSE
	EndGlobalSection
	GlobalSection(ExtensibilityGlobals) = postSolution
		SolutionGuid = {152455B7-B285-410E-9F9F-891B77E67869}
	EndGlobalSection
EndGlobal
